# generated by rye
# use `rye lock` or `rye sync` to update this lockfile
#
# last locked with the following flags:
#   pre: false
#   features: []
#   all-features: false
#   with-sources: false
#   generate-hashes: false
#   universal: false

-e file:.
aiofiles==23.2.1
    # via gradio
aiohappyeyeballs==2.4.6
    # via aiohttp
aiohttp==3.11.13
    # via langchain-community
aiosignal==1.3.2
    # via aiohttp
annotated-types==0.7.0
    # via pydantic
anyio==4.8.0
    # via gradio
    # via httpx
    # via openai
    # via starlette
    # via watchfiles
asgiref==3.8.1
    # via opentelemetry-instrumentation-asgi
attrs==25.1.0
    # via aiohttp
backoff==2.2.1
    # via posthog
bcrypt==4.2.1
    # via chromadb
build==1.2.2.post1
    # via chromadb
cachetools==5.5.2
    # via google-auth
certifi==2025.1.31
    # via httpcore
    # via httpx
    # via kubernetes
    # via requests
charset-normalizer==3.4.1
    # via requests
chroma-hnswlib==0.7.6
    # via chromadb
chromadb==0.6.3
    # via langchain-chroma
click==8.1.8
    # via typer
    # via uvicorn
colorama==0.4.6
    # via build
    # via click
    # via tqdm
    # via uvicorn
coloredlogs==15.0.1
    # via onnxruntime
dataclasses-json==0.6.7
    # via langchain-community
deprecated==1.2.18
    # via opentelemetry-api
    # via opentelemetry-exporter-otlp-proto-grpc
    # via opentelemetry-semantic-conventions
distro==1.9.0
    # via openai
durationpy==0.9
    # via kubernetes
fastapi==0.115.8
    # via chromadb
    # via gradio
ffmpy==0.5.0
    # via gradio
filelock==3.17.0
    # via huggingface-hub
fire==0.7.0
    # via llm-agent-book
flatbuffers==25.2.10
    # via onnxruntime
frozenlist==1.5.0
    # via aiohttp
    # via aiosignal
fsspec==2025.2.0
    # via gradio-client
    # via huggingface-hub
google-auth==2.38.0
    # via kubernetes
google-search-results==2.4.2
    # via llm-agent-book
googleapis-common-protos==1.68.0
    # via opentelemetry-exporter-otlp-proto-grpc
gradio==5.17.1
    # via llm-agent-book
gradio-client==1.7.1
    # via gradio
greenlet==3.1.1
    # via sqlalchemy
grpcio==1.70.0
    # via chromadb
    # via grpcio-tools
    # via opentelemetry-exporter-otlp-proto-grpc
    # via qdrant-client
grpcio-tools==1.70.0
    # via qdrant-client
h11==0.14.0
    # via httpcore
    # via uvicorn
h2==4.2.0
    # via httpx
hpack==4.1.0
    # via h2
httpcore==1.0.7
    # via httpx
httptools==0.6.4
    # via uvicorn
httpx==0.28.1
    # via chromadb
    # via gradio
    # via gradio-client
    # via langgraph-sdk
    # via langsmith
    # via ollama
    # via openai
    # via qdrant-client
    # via safehttpx
httpx-sse==0.4.0
    # via langchain-community
huggingface-hub==0.29.1
    # via gradio
    # via gradio-client
    # via tokenizers
humanfriendly==10.0
    # via coloredlogs
hyperframe==6.1.0
    # via h2
idna==3.10
    # via anyio
    # via httpx
    # via requests
    # via yarl
importlib-metadata==8.5.0
    # via opentelemetry-api
importlib-resources==6.5.2
    # via chromadb
jinja2==3.1.5
    # via gradio
jiter==0.8.2
    # via openai
jsonpatch==1.33
    # via langchain-core
jsonpointer==3.0.0
    # via jsonpatch
kubernetes==32.0.1
    # via chromadb
langchain==0.3.20
    # via langchain-community
    # via llm-agent-book
langchain-chroma==0.2.2
    # via llm-agent-book
langchain-community==0.3.19
    # via langchain-experimental
    # via llm-agent-book
langchain-core==0.3.44
    # via langchain
    # via langchain-chroma
    # via langchain-community
    # via langchain-experimental
    # via langchain-ollama
    # via langchain-openai
    # via langchain-text-splitters
    # via langgraph
    # via langgraph-checkpoint
    # via langgraph-prebuilt
langchain-experimental==0.3.4
    # via llm-agent-book
langchain-ollama==0.2.3
    # via llm-agent-book
langchain-openai==0.3.7
    # via llm-agent-book
langchain-text-splitters==0.3.6
    # via langchain
langchainhub==0.1.21
    # via llm-agent-book
langgraph==0.3.8
    # via llm-agent-book
langgraph-checkpoint==2.0.19
    # via langgraph
    # via langgraph-prebuilt
langgraph-prebuilt==0.1.2
    # via langgraph
langgraph-sdk==0.1.56
    # via langgraph
langsmith==0.3.10
    # via langchain
    # via langchain-community
    # via langchain-core
markdown-it-py==3.0.0
    # via rich
markupsafe==2.1.5
    # via gradio
    # via jinja2
marshmallow==3.26.1
    # via dataclasses-json
mdurl==0.1.2
    # via markdown-it-py
mem0ai==0.1.66
    # via llm-agent-book
mmh3==5.1.0
    # via chromadb
monotonic==1.6
    # via posthog
mpmath==1.3.0
    # via sympy
msgpack==1.1.0
    # via langgraph-checkpoint
multidict==6.1.0
    # via aiohttp
    # via yarl
mypy-extensions==1.0.0
    # via typing-inspect
numpy==1.26.4
    # via chroma-hnswlib
    # via chromadb
    # via gradio
    # via langchain-chroma
    # via langchain-community
    # via onnxruntime
    # via pandas
    # via qdrant-client
oauthlib==3.2.2
    # via kubernetes
    # via requests-oauthlib
ollama==0.4.7
    # via langchain-ollama
onnxruntime==1.20.1
    # via chromadb
openai==1.64.0
    # via langchain-openai
    # via mem0ai
opentelemetry-api==1.30.0
    # via chromadb
    # via opentelemetry-exporter-otlp-proto-grpc
    # via opentelemetry-instrumentation
    # via opentelemetry-instrumentation-asgi
    # via opentelemetry-instrumentation-fastapi
    # via opentelemetry-sdk
    # via opentelemetry-semantic-conventions
opentelemetry-exporter-otlp-proto-common==1.30.0
    # via opentelemetry-exporter-otlp-proto-grpc
opentelemetry-exporter-otlp-proto-grpc==1.30.0
    # via chromadb
opentelemetry-instrumentation==0.51b0
    # via opentelemetry-instrumentation-asgi
    # via opentelemetry-instrumentation-fastapi
opentelemetry-instrumentation-asgi==0.51b0
    # via opentelemetry-instrumentation-fastapi
opentelemetry-instrumentation-fastapi==0.51b0
    # via chromadb
opentelemetry-proto==1.30.0
    # via opentelemetry-exporter-otlp-proto-common
    # via opentelemetry-exporter-otlp-proto-grpc
opentelemetry-sdk==1.30.0
    # via chromadb
    # via opentelemetry-exporter-otlp-proto-grpc
opentelemetry-semantic-conventions==0.51b0
    # via opentelemetry-instrumentation
    # via opentelemetry-instrumentation-asgi
    # via opentelemetry-instrumentation-fastapi
    # via opentelemetry-sdk
opentelemetry-util-http==0.51b0
    # via opentelemetry-instrumentation-asgi
    # via opentelemetry-instrumentation-fastapi
orjson==3.10.15
    # via chromadb
    # via gradio
    # via langgraph-sdk
    # via langsmith
overrides==7.7.0
    # via chromadb
packaging==24.2
    # via build
    # via gradio
    # via gradio-client
    # via huggingface-hub
    # via langchain-core
    # via langchainhub
    # via marshmallow
    # via onnxruntime
    # via opentelemetry-instrumentation
pandas==2.2.3
    # via gradio
pillow==11.1.0
    # via gradio
portalocker==2.10.1
    # via qdrant-client
posthog==3.15.1
    # via chromadb
    # via mem0ai
propcache==0.3.0
    # via aiohttp
    # via yarl
protobuf==5.29.3
    # via googleapis-common-protos
    # via grpcio-tools
    # via onnxruntime
    # via opentelemetry-proto
psycopg2-binary==2.9.10
    # via mem0ai
pyasn1==0.6.1
    # via pyasn1-modules
    # via rsa
pyasn1-modules==0.4.1
    # via google-auth
pydantic==2.10.6
    # via chromadb
    # via fastapi
    # via gradio
    # via langchain
    # via langchain-core
    # via langsmith
    # via llm-agent-book
    # via mem0ai
    # via ollama
    # via openai
    # via pydantic-settings
    # via qdrant-client
pydantic-core==2.27.2
    # via pydantic
pydantic-settings==2.8.0
    # via langchain-community
pydub==0.25.1
    # via gradio
pygments==2.19.1
    # via rich
pypika==0.48.9
    # via chromadb
pyproject-hooks==1.2.0
    # via build
pyreadline3==3.5.4
    # via humanfriendly
python-dateutil==2.9.0.post0
    # via kubernetes
    # via pandas
    # via posthog
python-dotenv==1.0.1
    # via llm-agent-book
    # via pydantic-settings
    # via uvicorn
python-multipart==0.0.20
    # via gradio
pytz==2024.2
    # via mem0ai
    # via pandas
pywin32==308
    # via portalocker
pyyaml==6.0.2
    # via chromadb
    # via gradio
    # via huggingface-hub
    # via kubernetes
    # via langchain
    # via langchain-community
    # via langchain-core
    # via uvicorn
qdrant-client==1.13.3
    # via mem0ai
regex==2024.11.6
    # via tiktoken
requests==2.32.3
    # via google-search-results
    # via huggingface-hub
    # via kubernetes
    # via langchain
    # via langchain-community
    # via langchainhub
    # via langsmith
    # via posthog
    # via requests-oauthlib
    # via requests-toolbelt
    # via serpapi
    # via tiktoken
requests-oauthlib==2.0.0
    # via kubernetes
requests-toolbelt==1.0.0
    # via langsmith
rich==13.9.4
    # via chromadb
    # via typer
rsa==4.9
    # via google-auth
ruff==0.9.7
    # via gradio
safehttpx==0.1.6
    # via gradio
semantic-version==2.10.0
    # via gradio
serpapi==0.1.5
    # via llm-agent-book
setuptools==76.0.0
    # via grpcio-tools
shellingham==1.5.4
    # via typer
six==1.17.0
    # via kubernetes
    # via posthog
    # via python-dateutil
sniffio==1.3.1
    # via anyio
    # via openai
sqlalchemy==2.0.38
    # via langchain
    # via langchain-community
    # via mem0ai
starlette==0.45.3
    # via fastapi
    # via gradio
sympy==1.13.3
    # via llm-agent-book
    # via onnxruntime
tenacity==9.0.0
    # via chromadb
    # via langchain-community
    # via langchain-core
termcolor==2.5.0
    # via fire
tiktoken==0.9.0
    # via langchain-openai
tokenizers==0.21.0
    # via chromadb
tomlkit==0.13.2
    # via gradio
tqdm==4.67.1
    # via chromadb
    # via huggingface-hub
    # via openai
typer==0.15.1
    # via chromadb
    # via gradio
types-requests==2.32.0.20250301
    # via langchainhub
typing-extensions==4.12.2
    # via anyio
    # via chromadb
    # via fastapi
    # via gradio
    # via gradio-client
    # via huggingface-hub
    # via langchain-core
    # via openai
    # via opentelemetry-sdk
    # via pydantic
    # via pydantic-core
    # via sqlalchemy
    # via typer
    # via typing-inspect
typing-inspect==0.9.0
    # via dataclasses-json
tzdata==2025.1
    # via pandas
urllib3==2.3.0
    # via kubernetes
    # via qdrant-client
    # via requests
    # via types-requests
uvicorn==0.34.0
    # via chromadb
    # via gradio
watchfiles==1.0.4
    # via uvicorn
websocket-client==1.8.0
    # via kubernetes
websockets==14.2
    # via gradio-client
    # via uvicorn
wrapt==1.17.2
    # via deprecated
    # via opentelemetry-instrumentation
yarl==1.18.3
    # via aiohttp
zipp==3.21.0
    # via importlib-metadata
zstandard==0.23.0
    # via langsmith
